
Microsoft Visual Studio Solution File, Format Version 12.00
# Visual Studio Version 17
VisualStudioVersion = 17.14.36915.13 d17.14
MinimumVisualStudioVersion = 10.0.40219.1
Project("{FAE04EC0-301F-11D3-BF4B-00C04F79EFBC}") = "DataManagementP47", "DataManagementP47.csproj", "{694E9178-D36A-4D29-B398-3127B168CD42}"
EndProject
Global
	GlobalSection(SolutionConfigurationPlatforms) = preSolution
		Debug|Any CPU = Debug|Any CPU
		Release|Any CPU = Release|Any CPU
	EndGlobalSection
	GlobalSection(ProjectConfigurationPlatforms) = postSolution
		{694E9178-D36A-4D29-B398-3127B168CD42}.Debug|Any CPU.ActiveCfg = Debug|Any CPU
		{694E9178-D36A-4D29-B398-3127B168CD42}.Debug|Any CPU.Build.0 = Debug|Any CPU
		{694E9178-D36A-4D29-B398-3127B168CD42}.Release|Any CPU.ActiveCfg = Release|Any CPU
		{694E9178-D36A-4D29-B398-3127B168CD42}.Release|Any CPU.Build.0 = Release|Any CPU
	EndGlobalSection
	GlobalSection(SolutionProperties) = preSolution
		HideSolutionNode = FALSE
	EndGlobalSection
	GlobalSection(ExtensibilityGlobals) = postSolution
		SolutionGuid = {4C0E8940-90D5-42D7-8D04-37778343CE10}
	EndGlobalSection
EndGlobal
