
Microsoft Visual Studio Solution File, Format Version 12.00
# Visual Studio Version 17
VisualStudioVersion = 17.14.36518.9 d17.14
MinimumVisualStudioVersion = 10.0.40219.1
Project("{8BC9CEB8-8B4A-11D0-8D11-00A0C91BC942}") = "ConsoleApplication3", "ConsoleApplication3\ConsoleApplication3.vcxproj", "{795B22B9-0FCF-4CD1-815E-090332B9C0FA}"
EndProject
Global
	GlobalSection(SolutionConfigurationPlatforms) = preSolution
		Debug|x64 = Debug|x64
		Debug|x86 = Debug|x86
		Release|x64 = Release|x64
		Release|x86 = Release|x86
	EndGlobalSection
	GlobalSection(ProjectConfigurationPlatforms) = postSolution
		{795B22B9-0FCF-4CD1-815E-090332B9C0FA}.Debug|x64.ActiveCfg = Debug|x64
		{795B22B9-0FCF-4CD1-815E-090332B9C0FA}.Debug|x64.Build.0 = Debug|x64
		{795B22B9-0FCF-4CD1-815E-090332B9C0FA}.Debug|x86.ActiveCfg = Debug|Win32
		{795B22B9-0FCF-4CD1-815E-090332B9C0FA}.Debug|x86.Build.0 = Debug|Win32
		{795B22B9-0FCF-4CD1-815E-090332B9C0FA}.Release|x64.ActiveCfg = Release|x64
		{795B22B9-0FCF-4CD1-815E-090332B9C0FA}.Release|x64.Build.0 = Release|x64
		{795B22B9-0FCF-4CD1-815E-090332B9C0FA}.Release|x86.ActiveCfg = Release|Win32
		{795B22B9-0FCF-4CD1-815E-090332B9C0FA}.Release|x86.Build.0 = Release|Win32
	EndGlobalSection
	GlobalSection(SolutionProperties) = preSolution
		HideSolutionNode = FALSE
	EndGlobalSection
	GlobalSection(ExtensibilityGlobals) = postSolution
		SolutionGuid = {ED523A2C-DDE5-4662-A33A-91003CF2E565}
	EndGlobalSection
EndGlobal
