
Microsoft Visual Studio Solution File, Format Version 12.00
# Visual Studio Version 17
VisualStudioVersion = 17.14.36623.8 d17.14
MinimumVisualStudioVersion = 10.0.40219.1
Project("{FAE04EC0-301F-11D3-BF4B-00C04F79EFBC}") = "ConsoleApp22", "ConsoleApp22\ConsoleApp22.csproj", "{665D0E6F-F86A-4043-88D1-2C484AF08EDF}"
EndProject
Global
	GlobalSection(SolutionConfigurationPlatforms) = preSolution
		Debug|Any CPU = Debug|Any CPU
		Release|Any CPU = Release|Any CPU
	EndGlobalSection
	GlobalSection(ProjectConfigurationPlatforms) = postSolution
		{665D0E6F-F86A-4043-88D1-2C484AF08EDF}.Debug|Any CPU.ActiveCfg = Debug|Any CPU
		{665D0E6F-F86A-4043-88D1-2C484AF08EDF}.Debug|Any CPU.Build.0 = Debug|Any CPU
		{665D0E6F-F86A-4043-88D1-2C484AF08EDF}.Release|Any CPU.ActiveCfg = Release|Any CPU
		{665D0E6F-F86A-4043-88D1-2C484AF08EDF}.Release|Any CPU.Build.0 = Release|Any CPU
	EndGlobalSection
	GlobalSection(SolutionProperties) = preSolution
		HideSolutionNode = FALSE
	EndGlobalSection
	GlobalSection(ExtensibilityGlobals) = postSolution
		SolutionGuid = {D2E527BC-02A1-4D9E-AD7B-4BC45D0F2820}
	EndGlobalSection
EndGlobal
